Microsoft Visual Studio Solution File, Format Version 11.00
# Visual Studio 2008

Project("{B96BD1E0-95DA-54E2-6A27-2CCA19A24CD3}") = "Dreamora", "Assembly-CSharp-firstpass.csproj", "{96E859E9-15F6-62F3-BEC2-2FAE0078126F}"
EndProject
Project("{B96BD1E0-95DA-54E2-6A27-2CCA19A24CD3}") = "Dreamora", "Assembly-CSharp.csproj", "{97AFBBB5-BFB3-7919-DCB3-2981E730662A}"
EndProject
Project("{B96BD1E0-95DA-54E2-6A27-2CCA19A24CD3}") = "Dreamora", "Assembly-CSharp-Editor.csproj", "{EDF489F7-EE3D-957B-03AA-304696B154D1}"
EndProject
Project("{B96BD1E0-95DA-54E2-6A27-2CCA19A24CD3}") = "Dreamora", "Assembly-UnityScript-firstpass.unityproj", "{4CF08805-21C5-A80D-B59A-538E92FD35EA}"
EndProject
Project("{B96BD1E0-95DA-54E2-6A27-2CCA19A24CD3}") = "Dreamora", "Assembly-UnityScript.unityproj", "{AEBCBC50-0F8F-03A8-FB48-1D4352EE30E5}"
EndProject
Project("{B96BD1E0-95DA-54E2-6A27-2CCA19A24CD3}") = "Dreamora", "Assembly-UnityScript-Editor-firstpass.unityproj", "{06C7EE08-EA5A-0B3D-B4D0-2738FDC5E73B}"
EndProject
Project("{B96BD1E0-95DA-54E2-6A27-2CCA19A24CD3}") = "Dreamora", "Assembly-UnityScript-Editor.unityproj", "{4B0C20C9-21C3-89BE-393E-76C58F133C36}"
EndProject
Global
	GlobalSection(SolutionConfigurationPlatforms) = preSolution
		Debug|Any CPU = Debug|Any CPU
		Release|Any CPU = Release|Any CPU
	EndGlobalSection
	GlobalSection(ProjectConfigurationPlatforms) = postSolution
		{96E859E9-15F6-62F3-BEC2-2FAE0078126F}.Debug|Any CPU.ActiveCfg = Debug|Any CPU
		{96E859E9-15F6-62F3-BEC2-2FAE0078126F}.Debug|Any CPU.Build.0 = Debug|Any CPU
		{96E859E9-15F6-62F3-BEC2-2FAE0078126F}.Release|Any CPU.ActiveCfg = Release|Any CPU
		{96E859E9-15F6-62F3-BEC2-2FAE0078126F}.Release|Any CPU.Build.0 = Release|Any CPU
		{97AFBBB5-BFB3-7919-DCB3-2981E730662A}.Debug|Any CPU.ActiveCfg = Debug|Any CPU
		{97AFBBB5-BFB3-7919-DCB3-2981E730662A}.Debug|Any CPU.Build.0 = Debug|Any CPU
		{97AFBBB5-BFB3-7919-DCB3-2981E730662A}.Release|Any CPU.ActiveCfg = Release|Any CPU
		{97AFBBB5-BFB3-7919-DCB3-2981E730662A}.Release|Any CPU.Build.0 = Release|Any CPU
		{EDF489F7-EE3D-957B-03AA-304696B154D1}.Debug|Any CPU.ActiveCfg = Debug|Any CPU
		{EDF489F7-EE3D-957B-03AA-304696B154D1}.Debug|Any CPU.Build.0 = Debug|Any CPU
		{EDF489F7-EE3D-957B-03AA-304696B154D1}.Release|Any CPU.ActiveCfg = Release|Any CPU
		{EDF489F7-EE3D-957B-03AA-304696B154D1}.Release|Any CPU.Build.0 = Release|Any CPU
		{4CF08805-21C5-A80D-B59A-538E92FD35EA}.Debug|Any CPU.ActiveCfg = Debug|Any CPU
		{4CF08805-21C5-A80D-B59A-538E92FD35EA}.Debug|Any CPU.Build.0 = Debug|Any CPU
		{4CF08805-21C5-A80D-B59A-538E92FD35EA}.Release|Any CPU.ActiveCfg = Release|Any CPU
		{4CF08805-21C5-A80D-B59A-538E92FD35EA}.Release|Any CPU.Build.0 = Release|Any CPU
		{AEBCBC50-0F8F-03A8-FB48-1D4352EE30E5}.Debug|Any CPU.ActiveCfg = Debug|Any CPU
		{AEBCBC50-0F8F-03A8-FB48-1D4352EE30E5}.Debug|Any CPU.Build.0 = Debug|Any CPU
		{AEBCBC50-0F8F-03A8-FB48-1D4352EE30E5}.Release|Any CPU.ActiveCfg = Release|Any CPU
		{AEBCBC50-0F8F-03A8-FB48-1D4352EE30E5}.Release|Any CPU.Build.0 = Release|Any CPU
		{06C7EE08-EA5A-0B3D-B4D0-2738FDC5E73B}.Debug|Any CPU.ActiveCfg = Debug|Any CPU
		{06C7EE08-EA5A-0B3D-B4D0-2738FDC5E73B}.Debug|Any CPU.Build.0 = Debug|Any CPU
		{06C7EE08-EA5A-0B3D-B4D0-2738FDC5E73B}.Release|Any CPU.ActiveCfg = Release|Any CPU
		{06C7EE08-EA5A-0B3D-B4D0-2738FDC5E73B}.Release|Any CPU.Build.0 = Release|Any CPU
		{4B0C20C9-21C3-89BE-393E-76C58F133C36}.Debug|Any CPU.ActiveCfg = Debug|Any CPU
		{4B0C20C9-21C3-89BE-393E-76C58F133C36}.Debug|Any CPU.Build.0 = Debug|Any CPU
		{4B0C20C9-21C3-89BE-393E-76C58F133C36}.Release|Any CPU.ActiveCfg = Release|Any CPU
		{4B0C20C9-21C3-89BE-393E-76C58F133C36}.Release|Any CPU.Build.0 = Release|Any CPU
	EndGlobalSection
	GlobalSection(SolutionProperties) = preSolution
		HideSolutionNode = FALSE
	EndGlobalSection
											GlobalSection(MonoDevelopProperties) = preSolution
		StartupItem = Assembly-CSharp.csproj
		Policies = $0
		$0.TextStylePolicy = $1
		$1.inheritsSet = null
		$1.scope = text/x-csharp
		$0.CSharpFormattingPolicy = $2
		$2.inheritsSet = Mono
		$2.inheritsScope = text/x-csharp
		$2.scope = text/x-csharp
		$0.TextStylePolicy = $3
		$3.FileWidth = 120
		$3.TabWidth = 4
		$3.EolMarker = Unix
		$3.inheritsSet = Mono
		$3.inheritsScope = text/plain
		$3.scope = text/plain
	EndGlobalSection

EndGlobal
